
Microsoft Visual Studio Solution File, Format Version 12.00
# Visual Studio 2015
Project("{FAE04EC0-301F-11D3-BF4B-00C04F79EFBC}") = "Blendertest.CSharp", "Blendertest.CSharp.csproj", "{EACC21C9-9876-E72E-7832-4DD0CFC68E4F}"
EndProject
Global
	GlobalSection(SolutionConfigurationPlatforms) = preSolution
		Debug|Any CPU = Debug|Any CPU
		Release|Any CPU = Release|Any CPU
	EndGlobalSection
	GlobalSection(ProjectConfigurationPlatforms) = postSolution
		{EACC21C9-9876-E72E-7832-4DD0CFC68E4F}.Debug|Any CPU.ActiveCfg = Debug|Any CPU
		{EACC21C9-9876-E72E-7832-4DD0CFC68E4F}.Debug|Any CPU.Build.0 = Debug|Any CPU
		{EACC21C9-9876-E72E-7832-4DD0CFC68E4F}.Release|Any CPU.ActiveCfg = Release|Any CPU
		{EACC21C9-9876-E72E-7832-4DD0CFC68E4F}.Release|Any CPU.Build.0 = Release|Any CPU
	EndGlobalSection
	GlobalSection(SolutionProperties) = preSolution
		HideSolutionNode = FALSE
	EndGlobalSection
EndGlobal
